// !$*UTF8*$!
{
	archiveVersion = 1;
	classes = {
	};
	objectVersion = 46;
	objects = {

/* Begin PBXBuildFile section */
		96AA2C3D1A0A640500ECCC05 /* main.m in Sources */ = {isa = PBXBuildFile; fileRef = 96AA2C3C1A0A640500ECCC05 /* main.m */; };
		96AA2C401A0A640500ECCC05 /* AppDelegate.m in Sources */ = {isa = PBXBuildFile; fileRef = 96AA2C3F1A0A640500ECCC05 /* AppDelegate.m */; };
		96AA2C461A0A640500ECCC05 /* Main.storyboard in Resources */ = {isa = PBXBuildFile; fileRef = 96AA2C441A0A640500ECCC05 /* Main.storyboard */; };
		96AA2C481A0A640500ECCC05 /* Images.xcassets in Resources */ = {isa = PBXBuildFile; fileRef = 96AA2C471A0A640500ECCC05 /* Images.xcassets */; };
		96AA2C4B1A0A640500ECCC05 /* LaunchScreen.xib in Resources */ = {isa = PBXBuildFile; fileRef = 96AA2C491A0A640500ECCC05 /* LaunchScreen.xib */; };
		96AA2C571A0A640500ECCC05 /* SearchControllerTestTests.m in Sources */ = {isa = PBXBuildFile; fileRef = 96AA2C561A0A640500ECCC05 /* SearchControllerTestTests.m */; };
		96AA2C631A0A644800ECCC05 /* HTMainViewController.m in Sources */ = {isa = PBXBuildFile; fileRef = 96AA2C611A0A644800ECCC05 /* HTMainViewController.m */; };
		96AA2C641A0A644800ECCC05 /* HTMainViewController.xib in Resources */ = {isa = PBXBuildFile; fileRef = 96AA2C621A0A644800ECCC05 /* HTMainViewController.xib */; };
/* End PBXBuildFile section */

/* Begin PBXContainerItemProxy section */
		96AA2C511A0A640500ECCC05 /* PBXContainerItemProxy */ = {
			isa = PBXContainerItemProxy;
			containerPortal = 96AA2C2F1A0A640500ECCC05 /* Project object */;
			proxyType = 1;
			remoteGlobalIDString = 96AA2C361A0A640500ECCC05;
			remoteInfo = SearchControllerTest;
		};
/* End PBXContainerItemProxy section */

/* Begin PBXFileReference section */
		96AA2C371A0A640500ECCC05 /* SearchControllerTest.app */ = {isa = PBXFileReference; explicitFileType = wrapper.application; includeInIndex = 0; path = SearchControllerTest.app; sourceTree = BUILT_PRODUCTS_DIR; };
		96AA2C3B1A0A640500ECCC05 /* Info.plist */ = {isa = PBXFileReference; lastKnownFileType = text.plist.xml; path = Info.plist; sourceTree = "<group>"; };
		96AA2C3C1A0A640500ECCC05 /* main.m */ = {isa = PBXFileReference; lastKnownFileType = sourcecode.c.objc; path = main.m; sourceTree = "<group>"; };
		96AA2C3E1A0A640500ECCC05 /* AppDelegate.h */ = {isa = PBXFileReference; lastKnownFileType = sourcecode.c.h; path = AppDelegate.h; sourceTree = "<group>"; };
		96AA2C3F1A0A640500ECCC05 /* AppDelegate.m */ = {isa = PBXFileReference; lastKnownFileType = sourcecode.c.objc; path = AppDelegate.m; sourceTree = "<group>"; };
		96AA2C451A0A640500ECCC05 /* Base */ = {isa = PBXFileReference; lastKnownFileType = file.storyboard; name = Base; path = Base.lproj/Main.storyboard; sourceTree = "<group>"; };
		96AA2C471A0A640500ECCC05 /* Images.xcassets */ = {isa = PBXFileReference; lastKnownFileType = folder.assetcatalog; path = Images.xcassets; sourceTree = "<group>"; };
		96AA2C4A1A0A640500ECCC05 /* Base */ = {isa = PBXFileReference; lastKnownFileType = file.xib; name = Base; path = Base.lproj/LaunchScreen.xib; sourceTree = "<group>"; };
		96AA2C501A0A640500ECCC05 /* SearchControllerTestTests.xctest */ = {isa = PBXFileReference; explicitFileType = wrapper.cfbundle; includeInIndex = 0; path = SearchControllerTestTests.xctest; sourceTree = BUILT_PRODUCTS_DIR; };
		96AA2C551A0A640500ECCC05 /* Info.plist */ = {isa = PBXFileReference; lastKnownFileType = text.plist.xml; path = Info.plist; sourceTree = "<group>"; };
		96AA2C561A0A640500ECCC05 /* SearchControllerTestTests.m */ = {isa = PBXFileReference; lastKnownFileType = sourcecode.c.objc; path = SearchControllerTestTests.m; sourceTree = "<group>"; };
		96AA2C601A0A644800ECCC05 /* HTMainViewController.h */ = {isa = PBXFileReference; fileEncoding = 4; lastKnownFileType = sourcecode.c.h; path = HTMainViewController.h; sourceTree = "<group>"; };
		96AA2C611A0A644800ECCC05 /* HTMainViewController.m */ = {isa = PBXFileReference; fileEncoding = 4; lastKnownFileType = sourcecode.c.objc; path = HTMainViewController.m; sourceTree = "<group>"; };
		96AA2C621A0A644800ECCC05 /* HTMainViewController.xib */ = {isa = PBXFileReference; fileEncoding = 4; lastKnownFileType = file.xib; path = HTMainViewController.xib; sourceTree = "<group>"; };
/* End PBXFileReference section */

/* Begin PBXFrameworksBuildPhase section */
		96AA2C341A0A640500ECCC05 /* Frameworks */ = {
			isa = PBXFrameworksBuildPhase;
			buildActionMask = 2147483647;
			files = (
			);
			runOnlyForDeploymentPostprocessing = 0;
		};
		96AA2C4D1A0A640500ECCC05 /* Frameworks */ = {
			isa = PBXFrameworksBuildPhase;
			buildActionMask = 2147483647;
			files = (
			);
			runOnlyForDeploymentPostprocessing = 0;
		};
/* End PBXFrameworksBuildPhase section */

/* Begin PBXGroup section */
		96AA2C2E1A0A640500ECCC05 = {
			isa = PBXGroup;
			children = (
				96AA2C391A0A640500ECCC05 /* SearchControllerTest */,
				96AA2C531A0A640500ECCC05 /* SearchControllerTestTests */,
				96AA2C381A0A640500ECCC05 /* Products */,
			);
			sourceTree = "<group>";
		};
		96AA2C381A0A640500ECCC05 /* Products */ = {
			isa = PBXGroup;
			children = (
				96AA2C371A0A640500ECCC05 /* SearchControllerTest.app */,
				96AA2C501A0A640500ECCC05 /* SearchControllerTestTests.xctest */,
			);
			name = Products;
			sourceTree = "<group>";
		};
		96AA2C391A0A640500ECCC05 /* SearchControllerTest */ = {
			isa = PBXGroup;
			children = (
				96AA2C3E1A0A640500ECCC05 /* AppDelegate.h */,
				96AA2C3F1A0A640500ECCC05 /* AppDelegate.m */,
				96AA2C441A0A640500ECCC05 /* Main.storyboard */,
				96AA2C471A0A640500ECCC05 /* Images.xcassets */,
				96AA2C491A0A640500ECCC05 /* LaunchScreen.xib */,
				96AA2C3A1A0A640500ECCC05 /* Supporting Files */,
				96AA2C601A0A644800ECCC05 /* HTMainViewController.h */,
				96AA2C611A0A644800ECCC05 /* HTMainViewController.m */,
				96AA2C621A0A644800ECCC05 /* HTMainViewController.xib */,
			);
			path = SearchControllerTest;
			sourceTree = "<group>";
		};
		96AA2C3A1A0A640500ECCC05 /* Supporting Files */ = {
			isa = PBXGroup;
			children = (
				96AA2C3B1A0A640500ECCC05 /* Info.plist */,
				96AA2C3C1A0A640500ECCC05 /* main.m */,
			);
			name = "Supporting Files";
			sourceTree = "<group>";
		};
		96AA2C531A0A640500ECCC05 /* SearchControllerTestTests */ = {
			isa = PBXGroup;
			children = (
				96AA2C561A0A640500ECCC05 /* SearchControllerTestTests.m */,
				96AA2C541A0A640500ECCC05 /* Supporting Files */,
			);
			path = SearchControllerTestTests;
			sourceTree = "<group>";
		};
		96AA2C541A0A640500ECCC05 /* Supporting Files */ = {
			isa = PBXGroup;
			children = (
				96AA2C551A0A640500ECCC05 /* Info.plist */,
			);
			name = "Supporting Files";
			sourceTree = "<group>";
		};
/* End PBXGroup section */

/* Begin PBXNativeTarget section */
		96AA2C361A0A640500ECCC05 /* SearchControllerTest */ = {
			isa = PBXNativeTarget;
			buildConfigurationList = 96AA2C5A1A0A640500ECCC05 /* Build configuration list for PBXNativeTarget "SearchControllerTest" */;
			buildPhases = (
				96AA2C331A0A640500ECCC05 /* Sources */,
				96AA2C341A0A640500ECCC05 /* Frameworks */,
				96AA2C351A0A640500ECCC05 /* Resources */,
			);
			buildRules = (
			);
			dependencies = (
			);
			name = SearchControllerTest;
			productName = SearchControllerTest;
			productReference = 96AA2C371A0A640500ECCC05 /* SearchControllerTest.app */;
			productType = "com.apple.product-type.application";
		};
		96AA2C4F1A0A640500ECCC05 /* SearchControllerTestTests */ = {
			isa = PBXNativeTarget;
			buildConfigurationList = 96AA2C5D1A0A640500ECCC05 /* Build configuration list for PBXNativeTarget "SearchControllerTestTests" */;
			buildPhases = (
				96AA2C4C1A0A640500ECCC05 /* Sources */,
				96AA2C4D1A0A640500ECCC05 /* Frameworks */,
				96AA2C4E1A0A640500ECCC05 /* Resources */,
			);
			buildRules = (
			);
			dependencies = (
				96AA2C521A0A640500ECCC05 /* PBXTargetDependency */,
			);
			name = SearchControllerTestTests;
			productName = SearchControllerTestTests;
			productReference = 96AA2C501A0A640500ECCC05 /* SearchControllerTestTests.xctest */;
			productType = "com.apple.product-type.bundle.unit-test";
		};
/* End PBXNativeTarget section */

/* Begin PBXProject section */
		96AA2C2F1A0A640500ECCC05 /* Project object */ = {
			isa = PBXProject;
			attributes = {
				CLASSPREFIX = HT;
				LastUpgradeCheck = 0600;
				ORGANIZATIONNAME = Zoaks;
				TargetAttributes = {
					96AA2C361A0A640500ECCC05 = {
						CreatedOnToolsVersion = 6.0;
					};
					96AA2C4F1A0A640500ECCC05 = {
						CreatedOnToolsVersion = 6.0;
						TestTargetID = 96AA2C361A0A640500ECCC05;
					};
				};
			};
			buildConfigurationList = 96AA2C321A0A640500ECCC05 /* Build configuration list for PBXProject "SearchControllerTest" */;
			compatibilityVersion = "Xcode 3.2";
			developmentRegion = English;
			hasScannedForEncodings = 0;
			knownRegions = (
				en,
				Base,
			);
			mainGroup = 96AA2C2E1A0A640500ECCC05;
			productRefGroup = 96AA2C381A0A640500ECCC05 /* Products */;
			projectDirPath = "";
			projectRoot = "";
			targets = (
				96AA2C361A0A640500ECCC05 /* SearchControllerTest */,
				96AA2C4F1A0A640500ECCC05 /* SearchControllerTestTests */,
			);
		};
/* End PBXProject section */

/* Begin PBXResourcesBuildPhase section */
		96AA2C351A0A640500ECCC05 /* Resources */ = {
			isa = PBXResourcesBuildPhase;
			buildActionMask = 2147483647;
			files = (
				96AA2C461A0A640500ECCC05 /* Main.storyboard in Resources */,
				96AA2C641A0A644800ECCC05 /* HTMainViewController.xib in Resources */,
				96AA2C4B1A0A640500ECCC05 /* LaunchScreen.xib in Resources */,
				96AA2C481A0A640500ECCC05 /* Images.xcassets in Resources */,
			);
			runOnlyForDeploymentPostprocessing = 0;
		};
		96AA2C4E1A0A640500ECCC05 /* Resources */ = {
			isa = PBXResourcesBuildPhase;
			buildActionMask = 2147483647;
			files = (
			);
			runOnlyForDeploymentPostprocessing = 0;
		};
/* End PBXResourcesBuildPhase section */

/* Begin PBXSourcesBuildPhase section */
		96AA2C331A0A640500ECCC05 /* Sources */ = {
			isa = PBXSourcesBuildPhase;
			buildActionMask = 2147483647;
			files = (
				96AA2C631A0A644800ECCC05 /* HTMainViewController.m in Sources */,
				96AA2C401A0A640500ECCC05 /* AppDelegate.m in Sources */,
				96AA2C3D1A0A640500ECCC05 /* main.m in Sources */,
			);
			runOnlyForDeploymentPostprocessing = 0;
		};
		96AA2C4C1A0A640500ECCC05 /* Sources */ = {
			isa = PBXSourcesBuildPhase;
			buildActionMask = 2147483647;
			files = (
				96AA2C571A0A640500ECCC05 /* SearchControllerTestTests.m in Sources */,
			);
			runOnlyForDeploymentPostprocessing = 0;
		};
/* End PBXSourcesBuildPhase section */

/* Begin PBXTargetDependency section */
		96AA2C521A0A640500ECCC05 /* PBXTargetDependency */ = {
			isa = PBXTargetDependency;
			target = 96AA2C361A0A640500ECCC05 /* SearchControllerTest */;
			targetProxy = 96AA2C511A0A640500ECCC05 /* PBXContainerItemProxy */;
		};
/* End PBXTargetDependency section */

/* Begin PBXVariantGroup section */
		96AA2C441A0A640500ECCC05 /* Main.storyboard */ = {
			isa = PBXVariantGroup;
			children = (
				96AA2C451A0A640500ECCC05 /* Base */,
			);
			name = Main.storyboard;
			sourceTree = "<group>";
		};
		96AA2C491A0A640500ECCC05 /* LaunchScreen.xib */ = {
			isa = PBXVariantGroup;
			children = (
				96AA2C4A1A0A640500ECCC05 /* Base */,
			);
			name = LaunchScreen.xib;
			sourceTree = "<group>";
		};
/* End PBXVariantGroup section */

/* Begin XCBuildConfiguration section */
		96AA2C581A0A640500ECCC05 /* Debug */ = {
			isa = XCBuildConfiguration;
			buildSettings = {
				ALWAYS_SEARCH_USER_PATHS = NO;
				CLANG_CXX_LANGUAGE_STANDARD = "gnu++0x";
				CLANG_CXX_LIBRARY = "libc++";
				CLANG_ENABLE_MODULES = YES;
				CLANG_ENABLE_OBJC_ARC = YES;
				CLANG_WARN_BOOL_CONVERSION = YES;
				CLANG_WARN_CONSTANT_CONVERSION = YES;
				CLANG_WARN_DIRECT_OBJC_ISA_USAGE = YES_ERROR;
				CLANG_WARN_EMPTY_BODY = YES;
				CLANG_WARN_ENUM_CONVERSION = YES;
				CLANG_WARN_INT_CONVERSION = YES;
				CLANG_WARN_OBJC_ROOT_CLASS = YES_ERROR;
				CLANG_WARN_UNREACHABLE_CODE = YES;
				CLANG_WARN__DUPLICATE_METHOD_MATCH = YES;
				"CODE_SIGN_IDENTITY[sdk=iphoneos*]" = "iPhone Developer";
				COPY_PHASE_STRIP = NO;
				ENABLE_STRICT_OBJC_MSGSEND = YES;
				GCC_C_LANGUAGE_STANDARD = gnu99;
				GCC_DYNAMIC_NO_PIC = NO;
				GCC_OPTIMIZATION_LEVEL = 0;
				GCC_PREPROCESSOR_DEFINITIONS = (
					"DEBUG=1",
					"$(inherited)",
				);
				GCC_SYMBOLS_PRIVATE_EXTERN = NO;
				GCC_WARN_64_TO_32_BIT_CONVERSION = YES;
				GCC_WARN_ABOUT_RETURN_TYPE = YES_ERROR;
				GCC_WARN_UNDECLARED_SELECTOR = YES;
				GCC_WARN_UNINITIALIZED_AUTOS = YES_AGGRESSIVE;
				GCC_WARN_UNUSED_FUNCTION = YES;
				GCC_WARN_UNUSED_VARIABLE = YES;
				IPHONEOS_DEPLOYMENT_TARGET = 8.0;
				MTL_ENABLE_DEBUG_INFO = YES;
				ONLY_ACTIVE_ARCH = YES;
				SDKROOT = iphoneos;
			};
			name = Debug;
		};
		96AA2C591A0A640500ECCC05 /* Release */ = {
			isa = XCBuildConfiguration;
			buildSettings = {
				ALWAYS_SEARCH_USER_PATHS = NO;
				CLANG_CXX_LANGUAGE_STANDARD = "gnu++0x";
				CLANG_CXX_LIBRARY = "libc++";
				CLANG_ENABLE_MODULES = YES;
				CLANG_ENABLE_OBJC_ARC = YES;
				CLANG_WARN_BOOL_CONVERSION = YES;
				CLANG_WARN_CONSTANT_CONVERSION = YES;
				CLANG_WARN_DIRECT_OBJC_ISA_USAGE = YES_ERROR;
				CLANG_WARN_EMPTY_BODY = YES;
				CLANG_WARN_ENUM_CONVERSION = YES;
				CLANG_WARN_INT_CONVERSION = YES;
				CLANG_WARN_OBJC_ROOT_CLASS = YES_ERROR;
				CLANG_WARN_UNREACHABLE_CODE = YES;
				CLANG_WARN__DUPLICATE_METHOD_MATCH = YES;
				"CODE_SIGN_IDENTITY[sdk=iphoneos*]" = "iPhone Developer";
				COPY_PHASE_STRIP = YES;
				ENABLE_NS_ASSERTIONS = NO;
				ENABLE_STRICT_OBJC_MSGSEND = YES;
				GCC_C_LANGUAGE_STANDARD = gnu99;
				GCC_WARN_64_TO_32_BIT_CONVERSION = YES;
				GCC_WARN_ABOUT_RETURN_TYPE = YES_ERROR;
				GCC_WARN_UNDECLARED_SELECTOR = YES;
				GCC_WARN_UNINITIALIZED_AUTOS = YES_AGGRESSIVE;
				GCC_WARN_UNUSED_FUNCTION = YES;
				GCC_WARN_UNUSED_VARIABLE = YES;
				IPHONEOS_DEPLOYMENT_TARGET = 8.0;
				MTL_ENABLE_DEBUG_INFO = NO;
				SDKROOT = iphoneos;
				VALIDATE_PRODUCT = YES;
			};
			name = Release;
		};
		96AA2C5B1A0A640500ECCC05 /* Debug */ = {
			isa = XCBuildConfiguration;
			buildSettings = {
				ASSETCATALOG_COMPILER_APPICON_NAME = AppIcon;
				INFOPLIST_FILE = SearchControllerTest/Info.plist;
				IPHONEOS_DEPLOYMENT_TARGET = 7.0;
				LD_RUNPATH_SEARCH_PATHS = "$(inherited) @executable_path/Frameworks";
				PRODUCT_NAME = "$(TARGET_NAME)";
			};
			name = Debug;
		};
		96AA2C5C1A0A640500ECCC05 /* Release */ = {
			isa = XCBuildConfiguration;
			buildSettings = {
				ASSETCATALOG_COMPILER_APPICON_NAME = AppIcon;
				INFOPLIST_FILE = SearchControllerTest/Info.plist;
				IPHONEOS_DEPLOYMENT_TARGET = 7.0;
				LD_RUNPATH_SEARCH_PATHS = "$(inherited) @executable_path/Frameworks";
				PRODUCT_NAME = "$(TARGET_NAME)";
			};
			name = Release;
		};
		96AA2C5E1A0A640500ECCC05 /* Debug */ = {
			isa = XCBuildConfiguration;
			buildSettings = {
				BUNDLE_LOADER = "$(TEST_HOST)";
				FRAMEWORK_SEARCH_PATHS = (
					"$(SDKROOT)/Developer/Library/Frameworks",
					"$(inherited)",
				);
				GCC_PREPROCESSOR_DEFINITIONS = (
					"DEBUG=1",
					"$(inherited)",
				);
				INFOPLIST_FILE = SearchControllerTestTests/Info.plist;
				LD_RUNPATH_SEARCH_PATHS = "$(inherited) @executable_path/Frameworks @loader_path/Frameworks";
				PRODUCT_NAME = "$(TARGET_NAME)";
				TEST_HOST = "$(BUILT_PRODUCTS_DIR)/SearchControllerTest.app/SearchControllerTest";
			};
			name = Debug;
		};
		96AA2C5F1A0A640500ECCC05 /* Release */ = {
			isa = XCBuildConfiguration;
			buildSettings = {
				BUNDLE_LOADER = "$(TEST_HOST)";
				FRAMEWORK_SEARCH_PATHS = (
					"$(SDKROOT)/Developer/Library/Frameworks",
					"$(inherited)",
				);
				INFOPLIST_FILE = SearchControllerTestTests/Info.plist;
				LD_RUNPATH_SEARCH_PATHS = "$(inherited) @executable_path/Frameworks @loader_path/Frameworks";
				PRODUCT_NAME = "$(TARGET_NAME)";
				TEST_HOST = "$(BUILT_PRODUCTS_DIR)/SearchControllerTest.app/SearchControllerTest";
			};
			name = Release;
		};
/* End XCBuildConfiguration section */

/* Begin XCConfigurationList section */
		96AA2C321A0A640500ECCC05 /* Build configuration list for PBXProject "SearchControllerTest" */ = {
			isa = XCConfigurationList;
			buildConfigurations = (
				96AA2C581A0A640500ECCC05 /* Debug */,
				96AA2C591A0A640500ECCC05 /* Release */,
			);
			defaultConfigurationIsVisible = 0;
			defaultConfigurationName = Release;
		};
		96AA2C5A1A0A640500ECCC05 /* Build configuration list for PBXNativeTarget "SearchControllerTest" */ = {
			isa = XCConfigurationList;
			buildConfigurations = (
				96AA2C5B1A0A640500ECCC05 /* Debug */,
				96AA2C5C1A0A640500ECCC05 /* Release */,
			);
			defaultConfigurationIsVisible = 0;
		};
		96AA2C5D1A0A640500ECCC05 /* Build configuration list for PBXNativeTarget "SearchControllerTestTests" */ = {
			isa = XCConfigurationList;
			buildConfigurations = (
				96AA2C5E1A0A640500ECCC05 /* Debug */,
				96AA2C5F1A0A640500ECCC05 /* Release */,
			);
			defaultConfigurationIsVisible = 0;
		};
/* End XCConfigurationList section */
	};
	rootObject = 96AA2C2F1A0A640500ECCC05 /* Project object */;
}
